
Microsoft Visual Studio Solution File, Format Version 11.00
# Visual Studio 2010
Project("{FAE04EC0-301F-11D3-BF4B-00C04F79EFBC}") = "Meet Taipei Asset", "Assembly-CSharp.csproj", "{5EA33FCD-6353-4C35-2ECA-44596BBB2C97}"
EndProject
Project("{FAE04EC0-301F-11D3-BF4B-00C04F79EFBC}") = "Meet Taipei Asset", "Assembly-CSharp-Editor.csproj", "{F49BB8D6-DE3B-7DB7-59AB-D9614A96F0E1}"
EndProject
Global
	GlobalSection(SolutionConfigurationPlatforms) = preSolution
		Debug|Any CPU = Debug|Any CPU
		Release|Any CPU = Release|Any CPU
	EndGlobalSection
	GlobalSection(ProjectConfigurationPlatforms) = postSolution
		{5EA33FCD-6353-4C35-2ECA-44596BBB2C97}.Debug|Any CPU.ActiveCfg = Debug|Any CPU
		{5EA33FCD-6353-4C35-2ECA-44596BBB2C97}.Debug|Any CPU.Build.0 = Debug|Any CPU
		{5EA33FCD-6353-4C35-2ECA-44596BBB2C97}.Release|Any CPU.ActiveCfg = Release|Any CPU
		{5EA33FCD-6353-4C35-2ECA-44596BBB2C97}.Release|Any CPU.Build.0 = Release|Any CPU
		{F49BB8D6-DE3B-7DB7-59AB-D9614A96F0E1}.Debug|Any CPU.ActiveCfg = Debug|Any CPU
		{F49BB8D6-DE3B-7DB7-59AB-D9614A96F0E1}.Debug|Any CPU.Build.0 = Debug|Any CPU
		{F49BB8D6-DE3B-7DB7-59AB-D9614A96F0E1}.Release|Any CPU.ActiveCfg = Release|Any CPU
		{F49BB8D6-DE3B-7DB7-59AB-D9614A96F0E1}.Release|Any CPU.Build.0 = Release|Any CPU
	EndGlobalSection
	GlobalSection(SolutionProperties) = preSolution
		HideSolutionNode = FALSE
	EndGlobalSection
	GlobalSection(MonoDevelopProperties) = preSolution
		StartupItem = Assembly-CSharp.csproj
	EndGlobalSection
EndGlobal
